// !$*UTF8*$!
{
	archiveVersion = 1;
	classes = {
	};
	objectVersion = 48;
	objects = {

/* Begin PBXBuildFile section */
		BA229C8C208305C6005A676D /* background.png in Resources */ = {isa = PBXBuildFile; fileRef = BA229C8B208305C6005A676D /* background.png */; };
		BA2944CA200C023000809F50 /* AppDelegate.swift in Sources */ = {isa = PBXBuildFile; fileRef = BA2944C9200C023000809F50 /* AppDelegate.swift */; };
		BA2944CC200C023000809F50 /* MainViewController.swift in Sources */ = {isa = PBXBuildFile; fileRef = BA2944CB200C023000809F50 /* MainViewController.swift */; };
		BA2944CF200C023000809F50 /* Main.storyboard in Resources */ = {isa = PBXBuildFile; fileRef = BA2944CD200C023000809F50 /* Main.storyboard */; };
		BA2944D1200C023000809F50 /* Assets.xcassets in Resources */ = {isa = PBXBuildFile; fileRef = BA2944D0200C023000809F50 /* Assets.xcassets */; };
		BA2944D4200C023000809F50 /* LaunchScreen.storyboard in Resources */ = {isa = PBXBuildFile; fileRef = BA2944D2200C023000809F50 /* LaunchScreen.storyboard */; };
		BA2944DC200C042800809F50 /* Atom.swift in Sources */ = {isa = PBXBuildFile; fileRef = BA2944DB200C042800809F50 /* Atom.swift */; };
/* End PBXBuildFile section */

/* Begin PBXFileReference section */
		BA229C8B208305C6005A676D /* background.png */ = {isa = PBXFileReference; lastKnownFileType = image.png; path = background.png; sourceTree = "<group>"; };
		BA2944C6200C023000809F50 /* moleculeBuilder.app */ = {isa = PBXFileReference; explicitFileType = wrapper.application; includeInIndex = 0; path = moleculeBuilder.app; sourceTree = BUILT_PRODUCTS_DIR; };
		BA2944C9200C023000809F50 /* AppDelegate.swift */ = {isa = PBXFileReference; lastKnownFileType = sourcecode.swift; path = AppDelegate.swift; sourceTree = "<group>"; };
		BA2944CB200C023000809F50 /* MainViewController.swift */ = {isa = PBXFileReference; lastKnownFileType = sourcecode.swift; path = MainViewController.swift; sourceTree = "<group>"; };
		BA2944CE200C023000809F50 /* Base */ = {isa = PBXFileReference; lastKnownFileType = file.storyboard; name = Base; path = Base.lproj/Main.storyboard; sourceTree = "<group>"; };
		BA2944D0200C023000809F50 /* Assets.xcassets */ = {isa = PBXFileReference; lastKnownFileType = folder.assetcatalog; path = Assets.xcassets; sourceTree = "<group>"; };
		BA2944D3200C023000809F50 /* Base */ = {isa = PBXFileReference; lastKnownFileType = file.storyboard; name = Base; path = Base.lproj/LaunchScreen.storyboard; sourceTree = "<group>"; };
		BA2944D5200C023000809F50 /* Info.plist */ = {isa = PBXFileReference; lastKnownFileType = text.plist.xml; path = Info.plist; sourceTree = "<group>"; };
		BA2944DB200C042800809F50 /* Atom.swift */ = {isa = PBXFileReference; lastKnownFileType = sourcecode.swift; path = Atom.swift; sourceTree = "<group>"; };
/* End PBXFileReference section */

/* Begin PBXFrameworksBuildPhase section */
		BA2944C3200C023000809F50 /* Frameworks */ = {
			isa = PBXFrameworksBuildPhase;
			buildActionMask = 2147483647;
			files = (
			);
			runOnlyForDeploymentPostprocessing = 0;
		};
/* End PBXFrameworksBuildPhase section */

/* Begin PBXGroup section */
		BA2944BD200C023000809F50 = {
			isa = PBXGroup;
			children = (
				BA2944C8200C023000809F50 /* moleculeBuilder */,
				BA2944C7200C023000809F50 /* Products */,
			);
			sourceTree = "<group>";
		};
		BA2944C7200C023000809F50 /* Products */ = {
			isa = PBXGroup;
			children = (
				BA2944C6200C023000809F50 /* moleculeBuilder.app */,
			);
			name = Products;
			sourceTree = "<group>";
		};
		BA2944C8200C023000809F50 /* moleculeBuilder */ = {
			isa = PBXGroup;
			children = (
				BA2944C9200C023000809F50 /* AppDelegate.swift */,
				BA2944CB200C023000809F50 /* MainViewController.swift */,
				BA2944DB200C042800809F50 /* Atom.swift */,
				BA2944CD200C023000809F50 /* Main.storyboard */,
				BA2944D0200C023000809F50 /* Assets.xcassets */,
				BA229C8B208305C6005A676D /* background.png */,
				BA2944D2200C023000809F50 /* LaunchScreen.storyboard */,
				BA2944D5200C023000809F50 /* Info.plist */,
			);
			path = moleculeBuilder;
			sourceTree = "<group>";
		};
/* End PBXGroup section */

/* Begin PBXNativeTarget section */
		BA2944C5200C023000809F50 /* moleculeBuilder */ = {
			isa = PBXNativeTarget;
			buildConfigurationList = BA2944D8200C023000809F50 /* Build configuration list for PBXNativeTarget "moleculeBuilder" */;
			buildPhases = (
				BA2944C2200C023000809F50 /* Sources */,
				BA2944C3200C023000809F50 /* Frameworks */,
				BA2944C4200C023000809F50 /* Resources */,
			);
			buildRules = (
			);
			dependencies = (
			);
			name = moleculeBuilder;
			productName = moleculeBuilder;
			productReference = BA2944C6200C023000809F50 /* moleculeBuilder.app */;
			productType = "com.apple.product-type.application";
		};
/* End PBXNativeTarget section */

/* Begin PBXProject section */
		BA2944BE200C023000809F50 /* Project object */ = {
			isa = PBXProject;
			attributes = {
				LastSwiftUpdateCheck = 0910;
				LastUpgradeCheck = 0910;
				ORGANIZATIONNAME = "Tanvi Wagle";
				TargetAttributes = {
					BA2944C5200C023000809F50 = {
						CreatedOnToolsVersion = 9.1;
						ProvisioningStyle = Automatic;
					};
				};
			};
			buildConfigurationList = BA2944C1200C023000809F50 /* Build configuration list for PBXProject "moleculeBuilder" */;
			compatibilityVersion = "Xcode 8.0";
			developmentRegion = en;
			hasScannedForEncodings = 0;
			knownRegions = (
				en,
				Base,
			);
			mainGroup = BA2944BD200C023000809F50;
			productRefGroup = BA2944C7200C023000809F50 /* Products */;
			projectDirPath = "";
			projectRoot = "";
			targets = (
				BA2944C5200C023000809F50 /* moleculeBuilder */,
			);
		};
/* End PBXProject section */

/* Begin PBXResourcesBuildPhase section */
		BA2944C4200C023000809F50 /* Resources */ = {
			isa = PBXResourcesBuildPhase;
			buildActionMask = 2147483647;
			files = (
				BA2944D4200C023000809F50 /* LaunchScreen.storyboard in Resources */,
				BA229C8C208305C6005A676D /* background.png in Resources */,
				BA2944D1200C023000809F50 /* Assets.xcassets in Resources */,
				BA2944CF200C023000809F50 /* Main.storyboard in Resources */,
			);
			runOnlyForDeploymentPostprocessing = 0;
		};
/* End PBXResourcesBuildPhase section */

/* Begin PBXSourcesBuildPhase section */
		BA2944C2200C023000809F50 /* Sources */ = {
			isa = PBXSourcesBuildPhase;
			buildActionMask = 2147483647;
			files = (
				BA2944CC200C023000809F50 /* MainViewController.swift in Sources */,
				BA2944DC200C042800809F50 /* Atom.swift in Sources */,
				BA2944CA200C023000809F50 /* AppDelegate.swift in Sources */,
			);
			runOnlyForDeploymentPostprocessing = 0;
		};
/* End PBXSourcesBuildPhase section */

/* Begin PBXVariantGroup section */
		BA2944CD200C023000809F50 /* Main.storyboard */ = {
			isa = PBXVariantGroup;
			children = (
				BA2944CE200C023000809F50 /* Base */,
			);
			name = Main.storyboard;
			sourceTree = "<group>";
		};
		BA2944D2200C023000809F50 /* LaunchScreen.storyboard */ = {
			isa = PBXVariantGroup;
			children = (
				BA2944D3200C023000809F50 /* Base */,
			);
			name = LaunchScreen.storyboard;
			sourceTree = "<group>";
		};
/* End PBXVariantGroup section */

/* Begin XCBuildConfiguration section */
		BA2944D6200C023000809F50 /* Debug */ = {
			isa = XCBuildConfiguration;
			buildSettings = {
				ALWAYS_SEARCH_USER_PATHS = NO;
				CLANG_ANALYZER_NONNULL = YES;
				CLANG_ANALYZER_NUMBER_OBJECT_CONVERSION = YES_AGGRESSIVE;
				CLANG_CXX_LANGUAGE_STANDARD = "gnu++14";
				CLANG_CXX_LIBRARY = "libc++";
				CLANG_ENABLE_MODULES = YES;
				CLANG_ENABLE_OBJC_ARC = YES;
				CLANG_WARN_BLOCK_CAPTURE_AUTORELEASING = YES;
				CLANG_WARN_BOOL_CONVERSION = YES;
				CLANG_WARN_COMMA = YES;
				CLANG_WARN_CONSTANT_CONVERSION = YES;
				CLANG_WARN_DIRECT_OBJC_ISA_USAGE = YES_ERROR;
				CLANG_WARN_DOCUMENTATION_COMMENTS = YES;
				CLANG_WARN_EMPTY_BODY = YES;
				CLANG_WARN_ENUM_CONVERSION = YES;
				CLANG_WARN_INFINITE_RECURSION = YES;
				CLANG_WARN_INT_CONVERSION = YES;
				CLANG_WARN_NON_LITERAL_NULL_CONVERSION = YES;
				CLANG_WARN_OBJC_LITERAL_CONVERSION = YES;
				CLANG_WARN_OBJC_ROOT_CLASS = YES_ERROR;
				CLANG_WARN_RANGE_LOOP_ANALYSIS = YES;
				CLANG_WARN_STRICT_PROTOTYPES = YES;
				CLANG_WARN_SUSPICIOUS_MOVE = YES;
				CLANG_WARN_UNGUARDED_AVAILABILITY = YES_AGGRESSIVE;
				CLANG_WARN_UNREACHABLE_CODE = YES;
				CLANG_WARN__DUPLICATE_METHOD_MATCH = YES;
				CODE_SIGN_IDENTITY = "iPhone Developer";
				COPY_PHASE_STRIP = NO;
				DEBUG_INFORMATION_FORMAT = dwarf;
				ENABLE_STRICT_OBJC_MSGSEND = YES;
				ENABLE_TESTABILITY = YES;
				GCC_C_LANGUAGE_STANDARD = gnu11;
				GCC_DYNAMIC_NO_PIC = NO;
				GCC_NO_COMMON_BLOCKS = YES;
				GCC_OPTIMIZATION_LEVEL = 0;
				GCC_PREPROCESSOR_DEFINITIONS = (
					"DEBUG=1",
					"$(inherited)",
				);
				GCC_WARN_64_TO_32_BIT_CONVERSION = YES;
				GCC_WARN_ABOUT_RETURN_TYPE = YES_ERROR;
				GCC_WARN_UNDECLARED_SELECTOR = YES;
				GCC_WARN_UNINITIALIZED_AUTOS = YES_AGGRESSIVE;
				GCC_WARN_UNUSED_FUNCTION = YES;
				GCC_WARN_UNUSED_VARIABLE = YES;
				IPHONEOS_DEPLOYMENT_TARGET = 11.1;
				MTL_ENABLE_DEBUG_INFO = YES;
				ONLY_ACTIVE_ARCH = YES;
				SDKROOT = iphoneos;
				SWIFT_ACTIVE_COMPILATION_CONDITIONS = DEBUG;
				SWIFT_OPTIMIZATION_LEVEL = "-Onone";
			};
			name = Debug;
		};
		BA2944D7200C023000809F50 /* Release */ = {
			isa = XCBuildConfiguration;
			buildSettings = {
				ALWAYS_SEARCH_USER_PATHS = NO;
				CLANG_ANALYZER_NONNULL = YES;
				CLANG_ANALYZER_NUMBER_OBJECT_CONVERSION = YES_AGGRESSIVE;
				CLANG_CXX_LANGUAGE_STANDARD = "gnu++14";
				CLANG_CXX_LIBRARY = "libc++";
				CLANG_ENABLE_MODULES = YES;
				CLANG_ENABLE_OBJC_ARC = YES;
				CLANG_WARN_BLOCK_CAPTURE_AUTORELEASING = YES;
				CLANG_WARN_BOOL_CONVERSION = YES;
				CLANG_WARN_COMMA = YES;
				CLANG_WARN_CONSTANT_CONVERSION = YES;
				CLANG_WARN_DIRECT_OBJC_ISA_USAGE = YES_ERROR;
				CLANG_WARN_DOCUMENTATION_COMMENTS = YES;
				CLANG_WARN_EMPTY_BODY = YES;
				CLANG_WARN_ENUM_CONVERSION = YES;
				CLANG_WARN_INFINITE_RECURSION = YES;
				CLANG_WARN_INT_CONVERSION = YES;
				CLANG_WARN_NON_LITERAL_NULL_CONVERSION = YES;
				CLANG_WARN_OBJC_LITERAL_CONVERSION = YES;
				CLANG_WARN_OBJC_ROOT_CLASS = YES_ERROR;
				CLANG_WARN_RANGE_LOOP_ANALYSIS = YES;
				CLANG_WARN_STRICT_PROTOTYPES = YES;
				CLANG_WARN_SUSPICIOUS_MOVE = YES;
				CLANG_WARN_UNGUARDED_AVAILABILITY = YES_AGGRESSIVE;
				CLANG_WARN_UNREACHABLE_CODE = YES;
				CLANG_WARN__DUPLICATE_METHOD_MATCH = YES;
				CODE_SIGN_IDENTITY = "iPhone Developer";
				COPY_PHASE_STRIP = NO;
				DEBUG_INFORMATION_FORMAT = "dwarf-with-dsym";
				ENABLE_NS_ASSERTIONS = NO;
				ENABLE_STRICT_OBJC_MSGSEND = YES;
				GCC_C_LANGUAGE_STANDARD = gnu11;
				GCC_NO_COMMON_BLOCKS = YES;
				GCC_WARN_64_TO_32_BIT_CONVERSION = YES;
				GCC_WARN_ABOUT_RETURN_TYPE = YES_ERROR;
				GCC_WARN_UNDECLARED_SELECTOR = YES;
				GCC_WARN_UNINITIALIZED_AUTOS = YES_AGGRESSIVE;
				GCC_WARN_UNUSED_FUNCTION = YES;
				GCC_WARN_UNUSED_VARIABLE = YES;
				IPHONEOS_DEPLOYMENT_TARGET = 11.1;
				MTL_ENABLE_DEBUG_INFO = NO;
				SDKROOT = iphoneos;
				SWIFT_OPTIMIZATION_LEVEL = "-Owholemodule";
				VALIDATE_PRODUCT = YES;
			};
			name = Release;
		};
		BA2944D9200C023000809F50 /* Debug */ = {
			isa = XCBuildConfiguration;
			buildSettings = {
				ASSETCATALOG_COMPILER_APPICON_NAME = AppIcon;
				CODE_SIGN_STYLE = Automatic;
				DEVELOPMENT_TEAM = PBCK83UPCF;
				INFOPLIST_FILE = moleculeBuilder/Info.plist;
				LD_RUNPATH_SEARCH_PATHS = "$(inherited) @executable_path/Frameworks";
				PRODUCT_BUNDLE_IDENTIFIER = sbhs.moleculeBuilder;
				PRODUCT_NAME = "$(TARGET_NAME)";
				SWIFT_VERSION = 4.0;
				TARGETED_DEVICE_FAMILY = "1,2";
			};
			name = Debug;
		};
		BA2944DA200C023000809F50 /* Release */ = {
			isa = XCBuildConfiguration;
			buildSettings = {
				ASSETCATALOG_COMPILER_APPICON_NAME = AppIcon;
				CODE_SIGN_STYLE = Automatic;
				DEVELOPMENT_TEAM = PBCK83UPCF;
				INFOPLIST_FILE = moleculeBuilder/Info.plist;
				LD_RUNPATH_SEARCH_PATHS = "$(inherited) @executable_path/Frameworks";
				PRODUCT_BUNDLE_IDENTIFIER = sbhs.moleculeBuilder;
				PRODUCT_NAME = "$(TARGET_NAME)";
				SWIFT_VERSION = 4.0;
				TARGETED_DEVICE_FAMILY = "1,2";
			};
			name = Release;
		};
/* End XCBuildConfiguration section */

/* Begin XCConfigurationList section */
		BA2944C1200C023000809F50 /* Build configuration list for PBXProject "moleculeBuilder" */ = {
			isa = XCConfigurationList;
			buildConfigurations = (
				BA2944D6200C023000809F50 /* Debug */,
				BA2944D7200C023000809F50 /* Release */,
			);
			defaultConfigurationIsVisible = 0;
			defaultConfigurationName = Release;
		};
		BA2944D8200C023000809F50 /* Build configuration list for PBXNativeTarget "moleculeBuilder" */ = {
			isa = XCConfigurationList;
			buildConfigurations = (
				BA2944D9200C023000809F50 /* Debug */,
				BA2944DA200C023000809F50 /* Release */,
			);
			defaultConfigurationIsVisible = 0;
			defaultConfigurationName = Release;
		};
/* End XCConfigurationList section */
	};
	rootObject = BA2944BE200C023000809F50 /* Project object */;
}
